
Microsoft Visual Studio Solution File, Format Version 12.00
Project("{FAE04EC0-301F-11D3-BF4B-00C04F79EFBC}") = "Lab4_s26486", "Lab4_s26486\Lab4_s26486.csproj", "{C6626067-B70C-47F2-80B4-1E54D7ADEFE2}"
EndProject
Global
	GlobalSection(SolutionConfigurationPlatforms) = preSolution
		Debug|Any CPU = Debug|Any CPU
		Release|Any CPU = Release|Any CPU
	EndGlobalSection
	GlobalSection(ProjectConfigurationPlatforms) = postSolution
		{C6626067-B70C-47F2-80B4-1E54D7ADEFE2}.Debug|Any CPU.ActiveCfg = Debug|Any CPU
		{C6626067-B70C-47F2-80B4-1E54D7ADEFE2}.Debug|Any CPU.Build.0 = Debug|Any CPU
		{C6626067-B70C-47F2-80B4-1E54D7ADEFE2}.Release|Any CPU.ActiveCfg = Release|Any CPU
		{C6626067-B70C-47F2-80B4-1E54D7ADEFE2}.Release|Any CPU.Build.0 = Release|Any CPU
	EndGlobalSection
EndGlobal
